// !$*UTF8*$!
{
	archiveVersion = 1;
	classes = {
	};
	objectVersion = 56;
	objects = {

/* Begin PBXBuildFile section */
		1000479A29B5D596007C161B /* PanintiSportsApp.swift in Sources */ = {isa = PBXBuildFile; fileRef = 1000479929B5D596007C161B /* PanintiSportsApp.swift */; };
		1000479C29B5D596007C161B /* ContentView.swift in Sources */ = {isa = PBXBuildFile; fileRef = 1000479B29B5D596007C161B /* ContentView.swift */; };
		1000479E29B5D596007C161B /* Assets.xcassets in Resources */ = {isa = PBXBuildFile; fileRef = 1000479D29B5D596007C161B /* Assets.xcassets */; };
		100047A129B5D596007C161B /* Preview Assets.xcassets in Resources */ = {isa = PBXBuildFile; fileRef = 100047A029B5D596007C161B /* Preview Assets.xcassets */; };
		100047A929B5D5C2007C161B /* HomeView.swift in Sources */ = {isa = PBXBuildFile; fileRef = 100047A829B5D5C2007C161B /* HomeView.swift */; };
		100047AE29B5D81D007C161B /* League.swift in Sources */ = {isa = PBXBuildFile; fileRef = 100047AD29B5D81D007C161B /* League.swift */; };
		100047B129B5DBE3007C161B /* PanintiSports.xcdatamodeld in Sources */ = {isa = PBXBuildFile; fileRef = 100047AF29B5DBE3007C161B /* PanintiSports.xcdatamodeld */; };
		100047B329B5DC61007C161B /* Team.swift in Sources */ = {isa = PBXBuildFile; fileRef = 100047B229B5DC61007C161B /* Team.swift */; };
		100047B629B5E3F7007C161B /* HomeViewModel.swift in Sources */ = {isa = PBXBuildFile; fileRef = 100047B529B5E3F7007C161B /* HomeViewModel.swift */; };
		100047B929B5E859007C161B /* ViewExtension.swift in Sources */ = {isa = PBXBuildFile; fileRef = 100047B829B5E859007C161B /* ViewExtension.swift */; };
		100047BB29B5E8EF007C161B /* FavoriteView.swift in Sources */ = {isa = PBXBuildFile; fileRef = 100047BA29B5E8EF007C161B /* FavoriteView.swift */; };
		101786CD29B5EDF700002012 /* Constants.swift in Sources */ = {isa = PBXBuildFile; fileRef = 101786CC29B5EDF700002012 /* Constants.swift */; };
		101786CF29B5F91100002012 /* LeagueDetailViewModel.swift in Sources */ = {isa = PBXBuildFile; fileRef = 101786CE29B5F91100002012 /* LeagueDetailViewModel.swift */; };
		101786D129B6328200002012 /* LeagueDetailView.swift in Sources */ = {isa = PBXBuildFile; fileRef = 101786D029B6328200002012 /* LeagueDetailView.swift */; };
		101786D329B6381300002012 /* TeamDetailView.swift in Sources */ = {isa = PBXBuildFile; fileRef = 101786D229B6381300002012 /* TeamDetailView.swift */; };
/* End PBXBuildFile section */

/* Begin PBXFileReference section */
		1000479629B5D596007C161B /* PanintiSports.app */ = {isa = PBXFileReference; explicitFileType = wrapper.application; includeInIndex = 0; path = PanintiSports.app; sourceTree = BUILT_PRODUCTS_DIR; };
		1000479929B5D596007C161B /* PanintiSportsApp.swift */ = {isa = PBXFileReference; lastKnownFileType = sourcecode.swift; path = PanintiSportsApp.swift; sourceTree = "<group>"; };
		1000479B29B5D596007C161B /* ContentView.swift */ = {isa = PBXFileReference; lastKnownFileType = sourcecode.swift; path = ContentView.swift; sourceTree = "<group>"; };
		1000479D29B5D596007C161B /* Assets.xcassets */ = {isa = PBXFileReference; lastKnownFileType = folder.assetcatalog; path = Assets.xcassets; sourceTree = "<group>"; };
		100047A029B5D596007C161B /* Preview Assets.xcassets */ = {isa = PBXFileReference; lastKnownFileType = folder.assetcatalog; path = "Preview Assets.xcassets"; sourceTree = "<group>"; };
		100047A829B5D5C2007C161B /* HomeView.swift */ = {isa = PBXFileReference; lastKnownFileType = sourcecode.swift; path = HomeView.swift; sourceTree = "<group>"; };
		100047AD29B5D81D007C161B /* League.swift */ = {isa = PBXFileReference; lastKnownFileType = sourcecode.swift; path = League.swift; sourceTree = "<group>"; };
		100047B029B5DBE3007C161B /* PanintiSports.xcdatamodel */ = {isa = PBXFileReference; lastKnownFileType = wrapper.xcdatamodel; path = PanintiSports.xcdatamodel; sourceTree = "<group>"; };
		100047B229B5DC61007C161B /* Team.swift */ = {isa = PBXFileReference; lastKnownFileType = sourcecode.swift; path = Team.swift; sourceTree = "<group>"; };
		100047B529B5E3F7007C161B /* HomeViewModel.swift */ = {isa = PBXFileReference; lastKnownFileType = sourcecode.swift; path = HomeViewModel.swift; sourceTree = "<group>"; };
		100047B829B5E859007C161B /* ViewExtension.swift */ = {isa = PBXFileReference; lastKnownFileType = sourcecode.swift; path = ViewExtension.swift; sourceTree = "<group>"; };
		100047BA29B5E8EF007C161B /* FavoriteView.swift */ = {isa = PBXFileReference; lastKnownFileType = sourcecode.swift; path = FavoriteView.swift; sourceTree = "<group>"; };
		101786CC29B5EDF700002012 /* Constants.swift */ = {isa = PBXFileReference; lastKnownFileType = sourcecode.swift; path = Constants.swift; sourceTree = "<group>"; };
		101786CE29B5F91100002012 /* LeagueDetailViewModel.swift */ = {isa = PBXFileReference; lastKnownFileType = sourcecode.swift; path = LeagueDetailViewModel.swift; sourceTree = "<group>"; };
		101786D029B6328200002012 /* LeagueDetailView.swift */ = {isa = PBXFileReference; lastKnownFileType = sourcecode.swift; path = LeagueDetailView.swift; sourceTree = "<group>"; };
		101786D229B6381300002012 /* TeamDetailView.swift */ = {isa = PBXFileReference; lastKnownFileType = sourcecode.swift; path = TeamDetailView.swift; sourceTree = "<group>"; };
/* End PBXFileReference section */

/* Begin PBXFrameworksBuildPhase section */
		1000479329B5D596007C161B /* Frameworks */ = {
			isa = PBXFrameworksBuildPhase;
			buildActionMask = 2147483647;
			files = (
			);
			runOnlyForDeploymentPostprocessing = 0;
		};
/* End PBXFrameworksBuildPhase section */

/* Begin PBXGroup section */
		1000478D29B5D596007C161B = {
			isa = PBXGroup;
			children = (
				1000479829B5D596007C161B /* PanintiSports */,
				1000479729B5D596007C161B /* Products */,
			);
			sourceTree = "<group>";
		};
		1000479729B5D596007C161B /* Products */ = {
			isa = PBXGroup;
			children = (
				1000479629B5D596007C161B /* PanintiSports.app */,
			);
			name = Products;
			sourceTree = "<group>";
		};
		1000479829B5D596007C161B /* PanintiSports */ = {
			isa = PBXGroup;
			children = (
				100047B729B5E84D007C161B /* Extension */,
				100047B429B5E3E5007C161B /* ViewModel */,
				100047AC29B5D811007C161B /* Model */,
				100047A729B5D5B8007C161B /* View */,
				1000479929B5D596007C161B /* PanintiSportsApp.swift */,
				1000479B29B5D596007C161B /* ContentView.swift */,
				1000479D29B5D596007C161B /* Assets.xcassets */,
				1000479F29B5D596007C161B /* Preview Content */,
				100047AF29B5DBE3007C161B /* PanintiSports.xcdatamodeld */,
				101786CC29B5EDF700002012 /* Constants.swift */,
			);
			path = PanintiSports;
			sourceTree = "<group>";
		};
		1000479F29B5D596007C161B /* Preview Content */ = {
			isa = PBXGroup;
			children = (
				100047A029B5D596007C161B /* Preview Assets.xcassets */,
			);
			path = "Preview Content";
			sourceTree = "<group>";
		};
		100047A729B5D5B8007C161B /* View */ = {
			isa = PBXGroup;
			children = (
				100047A829B5D5C2007C161B /* HomeView.swift */,
				100047BA29B5E8EF007C161B /* FavoriteView.swift */,
				101786D029B6328200002012 /* LeagueDetailView.swift */,
				101786D229B6381300002012 /* TeamDetailView.swift */,
			);
			path = View;
			sourceTree = "<group>";
		};
		100047AC29B5D811007C161B /* Model */ = {
			isa = PBXGroup;
			children = (
				100047AD29B5D81D007C161B /* League.swift */,
				100047B229B5DC61007C161B /* Team.swift */,
			);
			path = Model;
			sourceTree = "<group>";
		};
		100047B429B5E3E5007C161B /* ViewModel */ = {
			isa = PBXGroup;
			children = (
				100047B529B5E3F7007C161B /* HomeViewModel.swift */,
				101786CE29B5F91100002012 /* LeagueDetailViewModel.swift */,
			);
			path = ViewModel;
			sourceTree = "<group>";
		};
		100047B729B5E84D007C161B /* Extension */ = {
			isa = PBXGroup;
			children = (
				100047B829B5E859007C161B /* ViewExtension.swift */,
			);
			path = Extension;
			sourceTree = "<group>";
		};
/* End PBXGroup section */

/* Begin PBXNativeTarget section */
		1000479529B5D596007C161B /* PanintiSports */ = {
			isa = PBXNativeTarget;
			buildConfigurationList = 100047A429B5D596007C161B /* Build configuration list for PBXNativeTarget "PanintiSports" */;
			buildPhases = (
				1000479229B5D596007C161B /* Sources */,
				1000479329B5D596007C161B /* Frameworks */,
				1000479429B5D596007C161B /* Resources */,
			);
			buildRules = (
			);
			dependencies = (
			);
			name = PanintiSports;
			productName = PanintiSports;
			productReference = 1000479629B5D596007C161B /* PanintiSports.app */;
			productType = "com.apple.product-type.application";
		};
/* End PBXNativeTarget section */

/* Begin PBXProject section */
		1000478E29B5D596007C161B /* Project object */ = {
			isa = PBXProject;
			attributes = {
				BuildIndependentTargetsInParallel = 1;
				LastSwiftUpdateCheck = 1410;
				LastUpgradeCheck = 1410;
				TargetAttributes = {
					1000479529B5D596007C161B = {
						CreatedOnToolsVersion = 14.1;
					};
				};
			};
			buildConfigurationList = 1000479129B5D596007C161B /* Build configuration list for PBXProject "PanintiSports" */;
			compatibilityVersion = "Xcode 14.0";
			developmentRegion = en;
			hasScannedForEncodings = 0;
			knownRegions = (
				en,
				Base,
			);
			mainGroup = 1000478D29B5D596007C161B;
			productRefGroup = 1000479729B5D596007C161B /* Products */;
			projectDirPath = "";
			projectRoot = "";
			targets = (
				1000479529B5D596007C161B /* PanintiSports */,
			);
		};
/* End PBXProject section */

/* Begin PBXResourcesBuildPhase section */
		1000479429B5D596007C161B /* Resources */ = {
			isa = PBXResourcesBuildPhase;
			buildActionMask = 2147483647;
			files = (
				100047A129B5D596007C161B /* Preview Assets.xcassets in Resources */,
				1000479E29B5D596007C161B /* Assets.xcassets in Resources */,
			);
			runOnlyForDeploymentPostprocessing = 0;
		};
/* End PBXResourcesBuildPhase section */

/* Begin PBXSourcesBuildPhase section */
		1000479229B5D596007C161B /* Sources */ = {
			isa = PBXSourcesBuildPhase;
			buildActionMask = 2147483647;
			files = (
				100047B329B5DC61007C161B /* Team.swift in Sources */,
				100047A929B5D5C2007C161B /* HomeView.swift in Sources */,
				100047B629B5E3F7007C161B /* HomeViewModel.swift in Sources */,
				100047B129B5DBE3007C161B /* PanintiSports.xcdatamodeld in Sources */,
				1000479C29B5D596007C161B /* ContentView.swift in Sources */,
				101786CD29B5EDF700002012 /* Constants.swift in Sources */,
				100047AE29B5D81D007C161B /* League.swift in Sources */,
				100047B929B5E859007C161B /* ViewExtension.swift in Sources */,
				100047BB29B5E8EF007C161B /* FavoriteView.swift in Sources */,
				101786CF29B5F91100002012 /* LeagueDetailViewModel.swift in Sources */,
				101786D129B6328200002012 /* LeagueDetailView.swift in Sources */,
				101786D329B6381300002012 /* TeamDetailView.swift in Sources */,
				1000479A29B5D596007C161B /* PanintiSportsApp.swift in Sources */,
			);
			runOnlyForDeploymentPostprocessing = 0;
		};
/* End PBXSourcesBuildPhase section */

/* Begin XCBuildConfiguration section */
		100047A229B5D596007C161B /* Debug */ = {
			isa = XCBuildConfiguration;
			buildSettings = {
				ALWAYS_SEARCH_USER_PATHS = NO;
				CLANG_ANALYZER_NONNULL = YES;
				CLANG_ANALYZER_NUMBER_OBJECT_CONVERSION = YES_AGGRESSIVE;
				CLANG_CXX_LANGUAGE_STANDARD = "gnu++20";
				CLANG_ENABLE_MODULES = YES;
				CLANG_ENABLE_OBJC_ARC = YES;
				CLANG_ENABLE_OBJC_WEAK = YES;
				CLANG_WARN_BLOCK_CAPTURE_AUTORELEASING = YES;
				CLANG_WARN_BOOL_CONVERSION = YES;
				CLANG_WARN_COMMA = YES;
				CLANG_WARN_CONSTANT_CONVERSION = YES;
				CLANG_WARN_DEPRECATED_OBJC_IMPLEMENTATIONS = YES;
				CLANG_WARN_DIRECT_OBJC_ISA_USAGE = YES_ERROR;
				CLANG_WARN_DOCUMENTATION_COMMENTS = YES;
				CLANG_WARN_EMPTY_BODY = YES;
				CLANG_WARN_ENUM_CONVERSION = YES;
				CLANG_WARN_INFINITE_RECURSION = YES;
				CLANG_WARN_INT_CONVERSION = YES;
				CLANG_WARN_NON_LITERAL_NULL_CONVERSION = YES;
				CLANG_WARN_OBJC_IMPLICIT_RETAIN_SELF = YES;
				CLANG_WARN_OBJC_LITERAL_CONVERSION = YES;
				CLANG_WARN_OBJC_ROOT_CLASS = YES_ERROR;
				CLANG_WARN_QUOTED_INCLUDE_IN_FRAMEWORK_HEADER = YES;
				CLANG_WARN_RANGE_LOOP_ANALYSIS = YES;
				CLANG_WARN_STRICT_PROTOTYPES = YES;
				CLANG_WARN_SUSPICIOUS_MOVE = YES;
				CLANG_WARN_UNGUARDED_AVAILABILITY = YES_AGGRESSIVE;
				CLANG_WARN_UNREACHABLE_CODE = YES;
				CLANG_WARN__DUPLICATE_METHOD_MATCH = YES;
				COPY_PHASE_STRIP = NO;
				DEBUG_INFORMATION_FORMAT = dwarf;
				ENABLE_STRICT_OBJC_MSGSEND = YES;
				ENABLE_TESTABILITY = YES;
				GCC_C_LANGUAGE_STANDARD = gnu11;
				GCC_DYNAMIC_NO_PIC = NO;
				GCC_NO_COMMON_BLOCKS = YES;
				GCC_OPTIMIZATION_LEVEL = 0;
				GCC_PREPROCESSOR_DEFINITIONS = (
					"DEBUG=1",
					"$(inherited)",
				);
				GCC_WARN_64_TO_32_BIT_CONVERSION = YES;
				GCC_WARN_ABOUT_RETURN_TYPE = YES_ERROR;
				GCC_WARN_UNDECLARED_SELECTOR = YES;
				GCC_WARN_UNINITIALIZED_AUTOS = YES_AGGRESSIVE;
				GCC_WARN_UNUSED_FUNCTION = YES;
				GCC_WARN_UNUSED_VARIABLE = YES;
				IPHONEOS_DEPLOYMENT_TARGET = 15.0;
				MTL_ENABLE_DEBUG_INFO = INCLUDE_SOURCE;
				MTL_FAST_MATH = YES;
				ONLY_ACTIVE_ARCH = YES;
				SDKROOT = iphoneos;
				SWIFT_ACTIVE_COMPILATION_CONDITIONS = DEBUG;
				SWIFT_OPTIMIZATION_LEVEL = "-Onone";
			};
			name = Debug;
		};
		100047A329B5D596007C161B /* Release */ = {
			isa = XCBuildConfiguration;
			buildSettings = {
				ALWAYS_SEARCH_USER_PATHS = NO;
				CLANG_ANALYZER_NONNULL = YES;
				CLANG_ANALYZER_NUMBER_OBJECT_CONVERSION = YES_AGGRESSIVE;
				CLANG_CXX_LANGUAGE_STANDARD = "gnu++20";
				CLANG_ENABLE_MODULES = YES;
				CLANG_ENABLE_OBJC_ARC = YES;
				CLANG_ENABLE_OBJC_WEAK = YES;
				CLANG_WARN_BLOCK_CAPTURE_AUTORELEASING = YES;
				CLANG_WARN_BOOL_CONVERSION = YES;
				CLANG_WARN_COMMA = YES;
				CLANG_WARN_CONSTANT_CONVERSION = YES;
				CLANG_WARN_DEPRECATED_OBJC_IMPLEMENTATIONS = YES;
				CLANG_WARN_DIRECT_OBJC_ISA_USAGE = YES_ERROR;
				CLANG_WARN_DOCUMENTATION_COMMENTS = YES;
				CLANG_WARN_EMPTY_BODY = YES;
				CLANG_WARN_ENUM_CONVERSION = YES;
				CLANG_WARN_INFINITE_RECURSION = YES;
				CLANG_WARN_INT_CONVERSION = YES;
				CLANG_WARN_NON_LITERAL_NULL_CONVERSION = YES;
				CLANG_WARN_OBJC_IMPLICIT_RETAIN_SELF = YES;
				CLANG_WARN_OBJC_LITERAL_CONVERSION = YES;
				CLANG_WARN_OBJC_ROOT_CLASS = YES_ERROR;
				CLANG_WARN_QUOTED_INCLUDE_IN_FRAMEWORK_HEADER = YES;
				CLANG_WARN_RANGE_LOOP_ANALYSIS = YES;
				CLANG_WARN_STRICT_PROTOTYPES = YES;
				CLANG_WARN_SUSPICIOUS_MOVE = YES;
				CLANG_WARN_UNGUARDED_AVAILABILITY = YES_AGGRESSIVE;
				CLANG_WARN_UNREACHABLE_CODE = YES;
				CLANG_WARN__DUPLICATE_METHOD_MATCH = YES;
				COPY_PHASE_STRIP = NO;
				DEBUG_INFORMATION_FORMAT = "dwarf-with-dsym";
				ENABLE_NS_ASSERTIONS = NO;
				ENABLE_STRICT_OBJC_MSGSEND = YES;
				GCC_C_LANGUAGE_STANDARD = gnu11;
				GCC_NO_COMMON_BLOCKS = YES;
				GCC_WARN_64_TO_32_BIT_CONVERSION = YES;
				GCC_WARN_ABOUT_RETURN_TYPE = YES_ERROR;
				GCC_WARN_UNDECLARED_SELECTOR = YES;
				GCC_WARN_UNINITIALIZED_AUTOS = YES_AGGRESSIVE;
				GCC_WARN_UNUSED_FUNCTION = YES;
				GCC_WARN_UNUSED_VARIABLE = YES;
				IPHONEOS_DEPLOYMENT_TARGET = 15.0;
				MTL_ENABLE_DEBUG_INFO = NO;
				MTL_FAST_MATH = YES;
				SDKROOT = iphoneos;
				SWIFT_COMPILATION_MODE = wholemodule;
				SWIFT_OPTIMIZATION_LEVEL = "-O";
				VALIDATE_PRODUCT = YES;
			};
			name = Release;
		};
		100047A529B5D596007C161B /* Debug */ = {
			isa = XCBuildConfiguration;
			buildSettings = {
				ASSETCATALOG_COMPILER_APPICON_NAME = AppIcon;
				ASSETCATALOG_COMPILER_GLOBAL_ACCENT_COLOR_NAME = AccentColor;
				CODE_SIGN_STYLE = Automatic;
				CURRENT_PROJECT_VERSION = 1;
				DEVELOPMENT_ASSET_PATHS = "\"PanintiSports/Preview Content\"";
				DEVELOPMENT_TEAM = X3D8UM28XD;
				ENABLE_PREVIEWS = YES;
				GENERATE_INFOPLIST_FILE = YES;
				INFOPLIST_KEY_UIApplicationSceneManifest_Generation = YES;
				INFOPLIST_KEY_UIApplicationSupportsIndirectInputEvents = YES;
				INFOPLIST_KEY_UILaunchScreen_Generation = YES;
				INFOPLIST_KEY_UIStatusBarStyle = "";
				INFOPLIST_KEY_UISupportedInterfaceOrientations_iPad = "UIInterfaceOrientationPortrait UIInterfaceOrientationPortraitUpsideDown UIInterfaceOrientationLandscapeLeft UIInterfaceOrientationLandscapeRight";
				INFOPLIST_KEY_UISupportedInterfaceOrientations_iPhone = "UIInterfaceOrientationPortrait UIInterfaceOrientationLandscapeLeft UIInterfaceOrientationLandscapeRight";
				LD_RUNPATH_SEARCH_PATHS = (
					"$(inherited)",
					"@executable_path/Frameworks",
				);
				MARKETING_VERSION = 1.0;
				PRODUCT_BUNDLE_IDENTIFIER = com.shrall.PanintiSports;
				PRODUCT_NAME = "$(TARGET_NAME)";
				SUPPORTED_PLATFORMS = "iphoneos iphonesimulator";
				SUPPORTS_MACCATALYST = NO;
				SUPPORTS_MAC_DESIGNED_FOR_IPHONE_IPAD = NO;
				SWIFT_EMIT_LOC_STRINGS = YES;
				SWIFT_VERSION = 5.0;
				TARGETED_DEVICE_FAMILY = 1;
			};
			name = Debug;
		};
		100047A629B5D596007C161B /* Release */ = {
			isa = XCBuildConfiguration;
			buildSettings = {
				ASSETCATALOG_COMPILER_APPICON_NAME = AppIcon;
				ASSETCATALOG_COMPILER_GLOBAL_ACCENT_COLOR_NAME = AccentColor;
				CODE_SIGN_STYLE = Automatic;
				CURRENT_PROJECT_VERSION = 1;
				DEVELOPMENT_ASSET_PATHS = "\"PanintiSports/Preview Content\"";
				DEVELOPMENT_TEAM = X3D8UM28XD;
				ENABLE_PREVIEWS = YES;
				GENERATE_INFOPLIST_FILE = YES;
				INFOPLIST_KEY_UIApplicationSceneManifest_Generation = YES;
				INFOPLIST_KEY_UIApplicationSupportsIndirectInputEvents = YES;
				INFOPLIST_KEY_UILaunchScreen_Generation = YES;
				INFOPLIST_KEY_UIStatusBarStyle = "";
				INFOPLIST_KEY_UISupportedInterfaceOrientations_iPad = "UIInterfaceOrientationPortrait UIInterfaceOrientationPortraitUpsideDown UIInterfaceOrientationLandscapeLeft UIInterfaceOrientationLandscapeRight";
				INFOPLIST_KEY_UISupportedInterfaceOrientations_iPhone = "UIInterfaceOrientationPortrait UIInterfaceOrientationLandscapeLeft UIInterfaceOrientationLandscapeRight";
				LD_RUNPATH_SEARCH_PATHS = (
					"$(inherited)",
					"@executable_path/Frameworks",
				);
				MARKETING_VERSION = 1.0;
				PRODUCT_BUNDLE_IDENTIFIER = com.shrall.PanintiSports;
				PRODUCT_NAME = "$(TARGET_NAME)";
				SUPPORTED_PLATFORMS = "iphoneos iphonesimulator";
				SUPPORTS_MACCATALYST = NO;
				SUPPORTS_MAC_DESIGNED_FOR_IPHONE_IPAD = NO;
				SWIFT_EMIT_LOC_STRINGS = YES;
				SWIFT_VERSION = 5.0;
				TARGETED_DEVICE_FAMILY = 1;
			};
			name = Release;
		};
/* End XCBuildConfiguration section */

/* Begin XCConfigurationList section */
		1000479129B5D596007C161B /* Build configuration list for PBXProject "PanintiSports" */ = {
			isa = XCConfigurationList;
			buildConfigurations = (
				100047A229B5D596007C161B /* Debug */,
				100047A329B5D596007C161B /* Release */,
			);
			defaultConfigurationIsVisible = 0;
			defaultConfigurationName = Release;
		};
		100047A429B5D596007C161B /* Build configuration list for PBXNativeTarget "PanintiSports" */ = {
			isa = XCConfigurationList;
			buildConfigurations = (
				100047A529B5D596007C161B /* Debug */,
				100047A629B5D596007C161B /* Release */,
			);
			defaultConfigurationIsVisible = 0;
			defaultConfigurationName = Release;
		};
/* End XCConfigurationList section */

/* Begin XCVersionGroup section */
		100047AF29B5DBE3007C161B /* PanintiSports.xcdatamodeld */ = {
			isa = XCVersionGroup;
			children = (
				100047B029B5DBE3007C161B /* PanintiSports.xcdatamodel */,
			);
			currentVersion = 100047B029B5DBE3007C161B /* PanintiSports.xcdatamodel */;
			path = PanintiSports.xcdatamodeld;
			sourceTree = "<group>";
			versionGroupType = wrapper.xcdatamodel;
		};
/* End XCVersionGroup section */
	};
	rootObject = 1000478E29B5D596007C161B /* Project object */;
}
